
Microsoft Visual Studio Solution File, Format Version 12.00
# Visual Studio Version 17
VisualStudioVersion = 17.5.33414.496
MinimumVisualStudioVersion = 10.0.40219.1
Project("{FAE04EC0-301F-11D3-BF4B-00C04F79EFBC}") = "EverythingTech", "EverythingTech\EverythingTech.csproj", "{89CD11DD-1222-4D89-98B0-2E158530C4AE}"
EndProject
Global
	GlobalSection(SolutionConfigurationPlatforms) = preSolution
		Debug|Any CPU = Debug|Any CPU
		Release|Any CPU = Release|Any CPU
	EndGlobalSection
	GlobalSection(ProjectConfigurationPlatforms) = postSolution
		{89CD11DD-1222-4D89-98B0-2E158530C4AE}.Debug|Any CPU.ActiveCfg = Debug|Any CPU
		{89CD11DD-1222-4D89-98B0-2E158530C4AE}.Debug|Any CPU.Build.0 = Debug|Any CPU
		{89CD11DD-1222-4D89-98B0-2E158530C4AE}.Release|Any CPU.ActiveCfg = Release|Any CPU
		{89CD11DD-1222-4D89-98B0-2E158530C4AE}.Release|Any CPU.Build.0 = Release|Any CPU
	EndGlobalSection
	GlobalSection(SolutionProperties) = preSolution
		HideSolutionNode = FALSE
	EndGlobalSection
	GlobalSection(ExtensibilityGlobals) = postSolution
		SolutionGuid = {1BD1C480-DF23-474E-A2CE-9F03899A7DFA}
	EndGlobalSection
EndGlobal
